
Microsoft Visual Studio Solution File, Format Version 12.00
# Visual Studio Version 17
VisualStudioVersion = 17.1.32328.378
MinimumVisualStudioVersion = 10.0.40219.1
Project("{FAE04EC0-301F-11D3-BF4B-00C04F79EFBC}") = "Florist", "Florist\Florist.csproj", "{2D884984-D704-4EB2-B1A6-2FF8AC754684}"
EndProject
Global
	GlobalSection(SolutionConfigurationPlatforms) = preSolution
		Debug|Any CPU = Debug|Any CPU
		Release|Any CPU = Release|Any CPU
	EndGlobalSection
	GlobalSection(ProjectConfigurationPlatforms) = postSolution
		{2D884984-D704-4EB2-B1A6-2FF8AC754684}.Debug|Any CPU.ActiveCfg = Debug|Any CPU
		{2D884984-D704-4EB2-B1A6-2FF8AC754684}.Debug|Any CPU.Build.0 = Debug|Any CPU
		{2D884984-D704-4EB2-B1A6-2FF8AC754684}.Release|Any CPU.ActiveCfg = Release|Any CPU
		{2D884984-D704-4EB2-B1A6-2FF8AC754684}.Release|Any CPU.Build.0 = Release|Any CPU
	EndGlobalSection
	GlobalSection(SolutionProperties) = preSolution
		HideSolutionNode = FALSE
	EndGlobalSection
	GlobalSection(ExtensibilityGlobals) = postSolution
		SolutionGuid = {CC1B29BA-36F2-4046-84BB-0E10B951ABA2}
	EndGlobalSection
EndGlobal
